
Microsoft Visual Studio Solution File, Format Version 12.00
# Visual Studio Version 16
VisualStudioVersion = 16.0.33214.272
MinimumVisualStudioVersion = 10.0.40219.1
Project("{FAE04EC0-301F-11D3-BF4B-00C04F79EFBC}") = "appPractica2", "appPractica2\appPractica2.csproj", "{76A4BA1F-D0C2-490A-BB4E-F03F0D7BEE55}"
EndProject
Global
	GlobalSection(SolutionConfigurationPlatforms) = preSolution
		Debug|Any CPU = Debug|Any CPU
		Release|Any CPU = Release|Any CPU
	EndGlobalSection
	GlobalSection(ProjectConfigurationPlatforms) = postSolution
		{76A4BA1F-D0C2-490A-BB4E-F03F0D7BEE55}.Debug|Any CPU.ActiveCfg = Debug|Any CPU
		{76A4BA1F-D0C2-490A-BB4E-F03F0D7BEE55}.Debug|Any CPU.Build.0 = Debug|Any CPU
		{76A4BA1F-D0C2-490A-BB4E-F03F0D7BEE55}.Release|Any CPU.ActiveCfg = Release|Any CPU
		{76A4BA1F-D0C2-490A-BB4E-F03F0D7BEE55}.Release|Any CPU.Build.0 = Release|Any CPU
	EndGlobalSection
	GlobalSection(SolutionProperties) = preSolution
		HideSolutionNode = FALSE
	EndGlobalSection
	GlobalSection(ExtensibilityGlobals) = postSolution
		SolutionGuid = {91435FDF-8268-4069-9456-2A478686EAFE}
	EndGlobalSection
EndGlobal
